
Microsoft Visual Studio Solution File, Format Version 12.00
# Visual Studio 15
VisualStudioVersion = 15.0.27703.2018
MinimumVisualStudioVersion = 10.0.40219.1
Project("{FAE04EC0-301F-11D3-BF4B-00C04F79EFBC}") = "MicroangeloWeb", "MicroangeloWeb\MicroangeloWeb.csproj", "{4EA59E76-F590-4F52-9968-184CCF61494E}"
EndProject
Global
	GlobalSection(SolutionConfigurationPlatforms) = preSolution
		Debug|Any CPU = Debug|Any CPU
		Release|Any CPU = Release|Any CPU
	EndGlobalSection
	GlobalSection(ProjectConfigurationPlatforms) = postSolution
		{4EA59E76-F590-4F52-9968-184CCF61494E}.Debug|Any CPU.ActiveCfg = Debug|Any CPU
		{4EA59E76-F590-4F52-9968-184CCF61494E}.Debug|Any CPU.Build.0 = Debug|Any CPU
		{4EA59E76-F590-4F52-9968-184CCF61494E}.Release|Any CPU.ActiveCfg = Release|Any CPU
		{4EA59E76-F590-4F52-9968-184CCF61494E}.Release|Any CPU.Build.0 = Release|Any CPU
	EndGlobalSection
	GlobalSection(SolutionProperties) = preSolution
		HideSolutionNode = FALSE
	EndGlobalSection
	GlobalSection(ExtensibilityGlobals) = postSolution
		SolutionGuid = {2633A8EB-58A9-4B28-9555-2C2594C924F0}
	EndGlobalSection
EndGlobal
